
Microsoft Visual Studio Solution File, Format Version 12.00
# Visual Studio Version 17
VisualStudioVersion = 17.12.35527.113 d17.12
MinimumVisualStudioVersion = 10.0.40219.1
Project("{FAE04EC0-301F-11D3-BF4B-00C04F79EFBC}") = "ExamApp.Domain", "ExamApp.Domain\ExamApp.Domain.csproj", "{03635706-9B75-4389-938E-E635989968F7}"
EndProject
Project("{2150E333-8FDC-42A3-9474-1A3956D46DE8}") = "src", "src", "{C68B99FC-D443-4622-BC84-DB616B9B1E17}"
EndProject
Project("{2150E333-8FDC-42A3-9474-1A3956D46DE8}") = "test", "test", "{366C2F71-75CC-4FE2-8838-EA4A9683BCE6}"
EndProject
Project("{2150E333-8FDC-42A3-9474-1A3956D46DE8}") = "Core", "Core", "{1C5432C0-8B81-4BA1-BBE2-BFD959E4F5DA}"
EndProject
Project("{FAE04EC0-301F-11D3-BF4B-00C04F79EFBC}") = "ExamApp.Application", "ExamApp.Application\ExamApp.Application.csproj", "{D16AD372-E9BB-496C-A4A6-B3EF926E7027}"
EndProject
Project("{2150E333-8FDC-42A3-9474-1A3956D46DE8}") = "Infrastructure", "Infrastructure", "{64EE88C9-7B99-469C-B62A-2427E287EA5A}"
EndProject
Project("{FAE04EC0-301F-11D3-BF4B-00C04F79EFBC}") = "ExamApp.Persistence", "ExamApp.Persistence\ExamApp.Persistence.csproj", "{F4C9ECAF-2F2E-4E16-820D-9BE3F37545B0}"
EndProject
Project("{2150E333-8FDC-42A3-9474-1A3956D46DE8}") = "API", "API", "{2307F127-57D8-4ED4-92DA-D0B964926EF1}"
EndProject
Project("{FAE04EC0-301F-11D3-BF4B-00C04F79EFBC}") = "ExamApp.API", "ExamApp.API\ExamApp.API.csproj", "{5DD0640D-2200-4C4B-80D8-41051ACA0B0E}"
EndProject
Global
	GlobalSection(SolutionConfigurationPlatforms) = preSolution
		Debug|Any CPU = Debug|Any CPU
		Release|Any CPU = Release|Any CPU
	EndGlobalSection
	GlobalSection(ProjectConfigurationPlatforms) = postSolution
		{03635706-9B75-4389-938E-E635989968F7}.Debug|Any CPU.ActiveCfg = Debug|Any CPU
		{03635706-9B75-4389-938E-E635989968F7}.Debug|Any CPU.Build.0 = Debug|Any CPU
		{03635706-9B75-4389-938E-E635989968F7}.Release|Any CPU.ActiveCfg = Release|Any CPU
		{03635706-9B75-4389-938E-E635989968F7}.Release|Any CPU.Build.0 = Release|Any CPU
		{D16AD372-E9BB-496C-A4A6-B3EF926E7027}.Debug|Any CPU.ActiveCfg = Debug|Any CPU
		{D16AD372-E9BB-496C-A4A6-B3EF926E7027}.Debug|Any CPU.Build.0 = Debug|Any CPU
		{D16AD372-E9BB-496C-A4A6-B3EF926E7027}.Release|Any CPU.ActiveCfg = Release|Any CPU
		{D16AD372-E9BB-496C-A4A6-B3EF926E7027}.Release|Any CPU.Build.0 = Release|Any CPU
		{F4C9ECAF-2F2E-4E16-820D-9BE3F37545B0}.Debug|Any CPU.ActiveCfg = Debug|Any CPU
		{F4C9ECAF-2F2E-4E16-820D-9BE3F37545B0}.Debug|Any CPU.Build.0 = Debug|Any CPU
		{F4C9ECAF-2F2E-4E16-820D-9BE3F37545B0}.Release|Any CPU.ActiveCfg = Release|Any CPU
		{F4C9ECAF-2F2E-4E16-820D-9BE3F37545B0}.Release|Any CPU.Build.0 = Release|Any CPU
		{5DD0640D-2200-4C4B-80D8-41051ACA0B0E}.Debug|Any CPU.ActiveCfg = Debug|Any CPU
		{5DD0640D-2200-4C4B-80D8-41051ACA0B0E}.Debug|Any CPU.Build.0 = Debug|Any CPU
		{5DD0640D-2200-4C4B-80D8-41051ACA0B0E}.Release|Any CPU.ActiveCfg = Release|Any CPU
		{5DD0640D-2200-4C4B-80D8-41051ACA0B0E}.Release|Any CPU.Build.0 = Release|Any CPU
	EndGlobalSection
	GlobalSection(SolutionProperties) = preSolution
		HideSolutionNode = FALSE
	EndGlobalSection
	GlobalSection(NestedProjects) = preSolution
		{03635706-9B75-4389-938E-E635989968F7} = {1C5432C0-8B81-4BA1-BBE2-BFD959E4F5DA}
		{1C5432C0-8B81-4BA1-BBE2-BFD959E4F5DA} = {C68B99FC-D443-4622-BC84-DB616B9B1E17}
		{D16AD372-E9BB-496C-A4A6-B3EF926E7027} = {1C5432C0-8B81-4BA1-BBE2-BFD959E4F5DA}
		{64EE88C9-7B99-469C-B62A-2427E287EA5A} = {C68B99FC-D443-4622-BC84-DB616B9B1E17}
		{F4C9ECAF-2F2E-4E16-820D-9BE3F37545B0} = {64EE88C9-7B99-469C-B62A-2427E287EA5A}
		{2307F127-57D8-4ED4-92DA-D0B964926EF1} = {C68B99FC-D443-4622-BC84-DB616B9B1E17}
		{5DD0640D-2200-4C4B-80D8-41051ACA0B0E} = {2307F127-57D8-4ED4-92DA-D0B964926EF1}
	EndGlobalSection
EndGlobal
